
Microsoft Visual Studio Solution File, Format Version 12.00
# Visual Studio Version 17
VisualStudioVersion = 17.0.31919.166
MinimumVisualStudioVersion = 10.0.40219.1
Project("{FAE04EC0-301F-11D3-BF4B-00C04F79EFBC}") = "SmartMedCodeChallenge", "SmartMedCodeChallenge\SmartMedCodeChallenge.csproj", "{780A6261-D925-4290-9AC5-FF075E6499E6}"
EndProject
Global
	GlobalSection(SolutionConfigurationPlatforms) = preSolution
		Debug|Any CPU = Debug|Any CPU
		Release|Any CPU = Release|Any CPU
	EndGlobalSection
	GlobalSection(ProjectConfigurationPlatforms) = postSolution
		{780A6261-D925-4290-9AC5-FF075E6499E6}.Debug|Any CPU.ActiveCfg = Debug|Any CPU
		{780A6261-D925-4290-9AC5-FF075E6499E6}.Debug|Any CPU.Build.0 = Debug|Any CPU
		{780A6261-D925-4290-9AC5-FF075E6499E6}.Release|Any CPU.ActiveCfg = Release|Any CPU
		{780A6261-D925-4290-9AC5-FF075E6499E6}.Release|Any CPU.Build.0 = Release|Any CPU
	EndGlobalSection
	GlobalSection(SolutionProperties) = preSolution
		HideSolutionNode = FALSE
	EndGlobalSection
	GlobalSection(ExtensibilityGlobals) = postSolution
		SolutionGuid = {32985C81-C1A6-48DC-BFA9-693075A8D126}
	EndGlobalSection
EndGlobal
